# @generated by Move, please check-in and do not edit manually.

[move]
version = 3
manifest_digest = "9A124B16FDB1FDA2C6B185A3CAEB00BB49ABE6CE7B7B0343C1B70D69383496C6"
deps_digest = "F8BBB0CCB2491CA29A3DF03D6F92277A4F3574266507ACD77214D37ECA3F3082"
dependencies = [
  { id = "Sui", name = "Sui" },
]

[[move.package]]
id = "MoveStdlib"
source = { git = "https://github.com/MystenLabs/sui.git", rev = "framework/testnet", subdir = "crates\\sui-framework\\packages\\move-stdlib" }

[[move.package]]
id = "Sui"
source = { git = "https://github.com/MystenLabs/sui.git", rev = "framework/testnet", subdir = "crates/sui-framework/packages/sui-framework" }

dependencies = [
  { id = "MoveStdlib", name = "MoveStdlib" },
]

[move.toolchain-version]
compiler-version = "1.41.1"
edition = "2024.beta"
flavor = "sui"

[env]

[env.testnet]
chain-id = "4c78adac"
original-published-id = "0x1213dccc33d88eebe85f4a0804f3c9a13293771e4c4ff25717de36821b0abc3f"
latest-published-id = "0x1213dccc33d88eebe85f4a0804f3c9a13293771e4c4ff25717de36821b0abc3f"
published-version = "1"
